github.com/zhaho/greetings v0.0.0-20250129122337-02e97ba17bea h1:A+tCRSWw6djzd7VgKluGtpCZAuWFdTXYDeCpu0qygWM=
github.com/zhaho/greetings v0.0.0-20250129122337-02e97ba17bea/go.mod h1:cZaYsXoZZ+2b+LoiWBupnzRdZ2N/N9nqqD/fd/TLgJI=
github.com/zhaho/greetings v0.0.0-20250129172520-86246043e504 h1:maspU9fjsD+THEkbbbseGq8EIwDS+ED1xoFBOOBVMd8=
github.com/zhaho/greetings v0.0.0-20250129172520-86246043e504/go.mod h1:cZaYsXoZZ+2b+LoiWBupnzRdZ2N/N9nqqD/fd/TLgJI=
github.com/zhaho/greetings v0.0.0-20250129174027-543b71e7bbe7 h1:78PuDvGCGAK/CUTh/8pg04SZAGVEZ83dnDjiMEvheF8=
github.com/zhaho/greetings v0.0.0-20250129174027-543b71e7bbe7/go.mod h1:cZaYsXoZZ+2b+LoiWBupnzRdZ2N/N9nqqD/fd/TLgJI=
github.com/zhaho/greetings v0.0.0-20250129180850-53831b98041b h1:VMjAkTf0tLJCaCVTq7/ts3ofCiLD+JisBBciI1LFM+0=
github.com/zhaho/greetings v0.0.0-20250129180850-53831b98041b/go.mod h1:cZaYsXoZZ+2b+LoiWBupnzRdZ2N/N9nqqD/fd/TLgJI=
